// !$*UTF8*$!
{
	archiveVersion = 1;
	classes = {
	};
	objectVersion = 50;
	objects = {

/* Begin PBXBuildFile section */
		85DFF52524BCE7F10093581C /* AppDelegate.swift in Sources */ = {isa = PBXBuildFile; fileRef = 85DFF52424BCE7F10093581C /* AppDelegate.swift */; };
		85DFF52724BCE7F10093581C /* SceneDelegate.swift in Sources */ = {isa = PBXBuildFile; fileRef = 85DFF52624BCE7F10093581C /* SceneDelegate.swift */; };
		85DFF52C24BCE7F10093581C /* Main.storyboard in Resources */ = {isa = PBXBuildFile; fileRef = 85DFF52A24BCE7F10093581C /* Main.storyboard */; };
		85DFF52F24BCE7F10093581C /* todolist.xcdatamodeld in Sources */ = {isa = PBXBuildFile; fileRef = 85DFF52D24BCE7F10093581C /* todolist.xcdatamodeld */; };
		85DFF53124BCE7F50093581C /* Assets.xcassets in Resources */ = {isa = PBXBuildFile; fileRef = 85DFF53024BCE7F50093581C /* Assets.xcassets */; };
		85DFF53424BCE7F50093581C /* LaunchScreen.storyboard in Resources */ = {isa = PBXBuildFile; fileRef = 85DFF53224BCE7F50093581C /* LaunchScreen.storyboard */; };
		85DFF53C24BCF9790093581C /* ToDoTableTableViewController.swift in Sources */ = {isa = PBXBuildFile; fileRef = 85DFF53B24BCF9790093581C /* ToDoTableTableViewController.swift */; };
		85DFF53E24BCF9F20093581C /* ToDo.swift in Sources */ = {isa = PBXBuildFile; fileRef = 85DFF53D24BCF9F20093581C /* ToDo.swift */; };
		85DFF54024BDB1B70093581C /* AddToDoViewController.swift in Sources */ = {isa = PBXBuildFile; fileRef = 85DFF53F24BDB1B70093581C /* AddToDoViewController.swift */; };
		85DFF54224BDB93B0093581C /* CompleteToDoViewController.swift in Sources */ = {isa = PBXBuildFile; fileRef = 85DFF54124BDB93B0093581C /* CompleteToDoViewController.swift */; };
/* End PBXBuildFile section */

/* Begin PBXFileReference section */
		85DFF52124BCE7F10093581C /* todolist.app */ = {isa = PBXFileReference; explicitFileType = wrapper.application; includeInIndex = 0; path = todolist.app; sourceTree = BUILT_PRODUCTS_DIR; };
		85DFF52424BCE7F10093581C /* AppDelegate.swift */ = {isa = PBXFileReference; lastKnownFileType = sourcecode.swift; path = AppDelegate.swift; sourceTree = "<group>"; };
		85DFF52624BCE7F10093581C /* SceneDelegate.swift */ = {isa = PBXFileReference; lastKnownFileType = sourcecode.swift; path = SceneDelegate.swift; sourceTree = "<group>"; };
		85DFF52B24BCE7F10093581C /* Base */ = {isa = PBXFileReference; lastKnownFileType = file.storyboard; name = Base; path = Base.lproj/Main.storyboard; sourceTree = "<group>"; };
		85DFF52E24BCE7F10093581C /* todolist.xcdatamodel */ = {isa = PBXFileReference; lastKnownFileType = wrapper.xcdatamodel; path = todolist.xcdatamodel; sourceTree = "<group>"; };
		85DFF53024BCE7F50093581C /* Assets.xcassets */ = {isa = PBXFileReference; lastKnownFileType = folder.assetcatalog; path = Assets.xcassets; sourceTree = "<group>"; };
		85DFF53324BCE7F50093581C /* Base */ = {isa = PBXFileReference; lastKnownFileType = file.storyboard; name = Base; path = Base.lproj/LaunchScreen.storyboard; sourceTree = "<group>"; };
		85DFF53524BCE7F50093581C /* Info.plist */ = {isa = PBXFileReference; lastKnownFileType = text.plist.xml; path = Info.plist; sourceTree = "<group>"; };
		85DFF53B24BCF9790093581C /* ToDoTableTableViewController.swift */ = {isa = PBXFileReference; lastKnownFileType = sourcecode.swift; path = ToDoTableTableViewController.swift; sourceTree = "<group>"; };
		85DFF53D24BCF9F20093581C /* ToDo.swift */ = {isa = PBXFileReference; lastKnownFileType = sourcecode.swift; path = ToDo.swift; sourceTree = "<group>"; };
		85DFF53F24BDB1B70093581C /* AddToDoViewController.swift */ = {isa = PBXFileReference; lastKnownFileType = sourcecode.swift; path = AddToDoViewController.swift; sourceTree = "<group>"; };
		85DFF54124BDB93B0093581C /* CompleteToDoViewController.swift */ = {isa = PBXFileReference; lastKnownFileType = sourcecode.swift; path = CompleteToDoViewController.swift; sourceTree = "<group>"; };
/* End PBXFileReference section */

/* Begin PBXFrameworksBuildPhase section */
		85DFF51E24BCE7F00093581C /* Frameworks */ = {
			isa = PBXFrameworksBuildPhase;
			buildActionMask = 2147483647;
			files = (
			);
			runOnlyForDeploymentPostprocessing = 0;
		};
/* End PBXFrameworksBuildPhase section */

/* Begin PBXGroup section */
		85DFF51824BCE7F00093581C = {
			isa = PBXGroup;
			children = (
				85DFF52324BCE7F10093581C /* todolist */,
				85DFF52224BCE7F10093581C /* Products */,
			);
			sourceTree = "<group>";
		};
		85DFF52224BCE7F10093581C /* Products */ = {
			isa = PBXGroup;
			children = (
				85DFF52124BCE7F10093581C /* todolist.app */,
			);
			name = Products;
			sourceTree = "<group>";
		};
		85DFF52324BCE7F10093581C /* todolist */ = {
			isa = PBXGroup;
			children = (
				85DFF52424BCE7F10093581C /* AppDelegate.swift */,
				85DFF52624BCE7F10093581C /* SceneDelegate.swift */,
				85DFF52A24BCE7F10093581C /* Main.storyboard */,
				85DFF53D24BCF9F20093581C /* ToDo.swift */,
				85DFF53B24BCF9790093581C /* ToDoTableTableViewController.swift */,
				85DFF53F24BDB1B70093581C /* AddToDoViewController.swift */,
				85DFF54124BDB93B0093581C /* CompleteToDoViewController.swift */,
				85DFF53024BCE7F50093581C /* Assets.xcassets */,
				85DFF53224BCE7F50093581C /* LaunchScreen.storyboard */,
				85DFF53524BCE7F50093581C /* Info.plist */,
				85DFF52D24BCE7F10093581C /* todolist.xcdatamodeld */,
			);
			path = todolist;
			sourceTree = "<group>";
		};
/* End PBXGroup section */

/* Begin PBXNativeTarget section */
		85DFF52024BCE7F00093581C /* todolist */ = {
			isa = PBXNativeTarget;
			buildConfigurationList = 85DFF53824BCE7F50093581C /* Build configuration list for PBXNativeTarget "todolist" */;
			buildPhases = (
				85DFF51D24BCE7F00093581C /* Sources */,
				85DFF51E24BCE7F00093581C /* Frameworks */,
				85DFF51F24BCE7F00093581C /* Resources */,
			);
			buildRules = (
			);
			dependencies = (
			);
			name = todolist;
			productName = todolist;
			productReference = 85DFF52124BCE7F10093581C /* todolist.app */;
			productType = "com.apple.product-type.application";
		};
/* End PBXNativeTarget section */

/* Begin PBXProject section */
		85DFF51924BCE7F00093581C /* Project object */ = {
			isa = PBXProject;
			attributes = {
				LastSwiftUpdateCheck = 1150;
				LastUpgradeCheck = 1150;
				ORGANIZATIONNAME = "Grace Wentzel";
				TargetAttributes = {
					85DFF52024BCE7F00093581C = {
						CreatedOnToolsVersion = 11.5;
					};
				};
			};
			buildConfigurationList = 85DFF51C24BCE7F00093581C /* Build configuration list for PBXProject "todolist" */;
			compatibilityVersion = "Xcode 9.3";
			developmentRegion = en;
			hasScannedForEncodings = 0;
			knownRegions = (
				en,
				Base,
			);
			mainGroup = 85DFF51824BCE7F00093581C;
			productRefGroup = 85DFF52224BCE7F10093581C /* Products */;
			projectDirPath = "";
			projectRoot = "";
			targets = (
				85DFF52024BCE7F00093581C /* todolist */,
			);
		};
/* End PBXProject section */

/* Begin PBXResourcesBuildPhase section */
		85DFF51F24BCE7F00093581C /* Resources */ = {
			isa = PBXResourcesBuildPhase;
			buildActionMask = 2147483647;
			files = (
				85DFF53424BCE7F50093581C /* LaunchScreen.storyboard in Resources */,
				85DFF53124BCE7F50093581C /* Assets.xcassets in Resources */,
				85DFF52C24BCE7F10093581C /* Main.storyboard in Resources */,
			);
			runOnlyForDeploymentPostprocessing = 0;
		};
/* End PBXResourcesBuildPhase section */

/* Begin PBXSourcesBuildPhase section */
		85DFF51D24BCE7F00093581C /* Sources */ = {
			isa = PBXSourcesBuildPhase;
			buildActionMask = 2147483647;
			files = (
				85DFF52524BCE7F10093581C /* AppDelegate.swift in Sources */,
				85DFF53E24BCF9F20093581C /* ToDo.swift in Sources */,
				85DFF52724BCE7F10093581C /* SceneDelegate.swift in Sources */,
				85DFF54224BDB93B0093581C /* CompleteToDoViewController.swift in Sources */,
				85DFF53C24BCF9790093581C /* ToDoTableTableViewController.swift in Sources */,
				85DFF54024BDB1B70093581C /* AddToDoViewController.swift in Sources */,
				85DFF52F24BCE7F10093581C /* todolist.xcdatamodeld in Sources */,
			);
			runOnlyForDeploymentPostprocessing = 0;
		};
/* End PBXSourcesBuildPhase section */

/* Begin PBXVariantGroup section */
		85DFF52A24BCE7F10093581C /* Main.storyboard */ = {
			isa = PBXVariantGroup;
			children = (
				85DFF52B24BCE7F10093581C /* Base */,
			);
			name = Main.storyboard;
			sourceTree = "<group>";
		};
		85DFF53224BCE7F50093581C /* LaunchScreen.storyboard */ = {
			isa = PBXVariantGroup;
			children = (
				85DFF53324BCE7F50093581C /* Base */,
			);
			name = LaunchScreen.storyboard;
			sourceTree = "<group>";
		};
/* End PBXVariantGroup section */

/* Begin XCBuildConfiguration section */
		85DFF53624BCE7F50093581C /* Debug */ = {
			isa = XCBuildConfiguration;
			buildSettings = {
				ALWAYS_SEARCH_USER_PATHS = NO;
				CLANG_ANALYZER_NONNULL = YES;
				CLANG_ANALYZER_NUMBER_OBJECT_CONVERSION = YES_AGGRESSIVE;
				CLANG_CXX_LANGUAGE_STANDARD = "gnu++14";
				CLANG_CXX_LIBRARY = "libc++";
				CLANG_ENABLE_MODULES = YES;
				CLANG_ENABLE_OBJC_ARC = YES;
				CLANG_ENABLE_OBJC_WEAK = YES;
				CLANG_WARN_BLOCK_CAPTURE_AUTORELEASING = YES;
				CLANG_WARN_BOOL_CONVERSION = YES;
				CLANG_WARN_COMMA = YES;
				CLANG_WARN_CONSTANT_CONVERSION = YES;
				CLANG_WARN_DEPRECATED_OBJC_IMPLEMENTATIONS = YES;
				CLANG_WARN_DIRECT_OBJC_ISA_USAGE = YES_ERROR;
				CLANG_WARN_DOCUMENTATION_COMMENTS = YES;
				CLANG_WARN_EMPTY_BODY = YES;
				CLANG_WARN_ENUM_CONVERSION = YES;
				CLANG_WARN_INFINITE_RECURSION = YES;
				CLANG_WARN_INT_CONVERSION = YES;
				CLANG_WARN_NON_LITERAL_NULL_CONVERSION = YES;
				CLANG_WARN_OBJC_IMPLICIT_RETAIN_SELF = YES;
				CLANG_WARN_OBJC_LITERAL_CONVERSION = YES;
				CLANG_WARN_OBJC_ROOT_CLASS = YES_ERROR;
				CLANG_WARN_RANGE_LOOP_ANALYSIS = YES;
				CLANG_WARN_STRICT_PROTOTYPES = YES;
				CLANG_WARN_SUSPICIOUS_MOVE = YES;
				CLANG_WARN_UNGUARDED_AVAILABILITY = YES_AGGRESSIVE;
				CLANG_WARN_UNREACHABLE_CODE = YES;
				CLANG_WARN__DUPLICATE_METHOD_MATCH = YES;
				COPY_PHASE_STRIP = NO;
				DEBUG_INFORMATION_FORMAT = dwarf;
				ENABLE_STRICT_OBJC_MSGSEND = YES;
				ENABLE_TESTABILITY = YES;
				GCC_C_LANGUAGE_STANDARD = gnu11;
				GCC_DYNAMIC_NO_PIC = NO;
				GCC_NO_COMMON_BLOCKS = YES;
				GCC_OPTIMIZATION_LEVEL = 0;
				GCC_PREPROCESSOR_DEFINITIONS = (
					"DEBUG=1",
					"$(inherited)",
				);
				GCC_WARN_64_TO_32_BIT_CONVERSION = YES;
				GCC_WARN_ABOUT_RETURN_TYPE = YES_ERROR;
				GCC_WARN_UNDECLARED_SELECTOR = YES;
				GCC_WARN_UNINITIALIZED_AUTOS = YES_AGGRESSIVE;
				GCC_WARN_UNUSED_FUNCTION = YES;
				GCC_WARN_UNUSED_VARIABLE = YES;
				IPHONEOS_DEPLOYMENT_TARGET = 13.5;
				MTL_ENABLE_DEBUG_INFO = INCLUDE_SOURCE;
				MTL_FAST_MATH = YES;
				ONLY_ACTIVE_ARCH = YES;
				SDKROOT = iphoneos;
				SWIFT_ACTIVE_COMPILATION_CONDITIONS = DEBUG;
				SWIFT_OPTIMIZATION_LEVEL = "-Onone";
			};
			name = Debug;
		};
		85DFF53724BCE7F50093581C /* Release */ = {
			isa = XCBuildConfiguration;
			buildSettings = {
				ALWAYS_SEARCH_USER_PATHS = NO;
				CLANG_ANALYZER_NONNULL = YES;
				CLANG_ANALYZER_NUMBER_OBJECT_CONVERSION = YES_AGGRESSIVE;
				CLANG_CXX_LANGUAGE_STANDARD = "gnu++14";
				CLANG_CXX_LIBRARY = "libc++";
				CLANG_ENABLE_MODULES = YES;
				CLANG_ENABLE_OBJC_ARC = YES;
				CLANG_ENABLE_OBJC_WEAK = YES;
				CLANG_WARN_BLOCK_CAPTURE_AUTORELEASING = YES;
				CLANG_WARN_BOOL_CONVERSION = YES;
				CLANG_WARN_COMMA = YES;
				CLANG_WARN_CONSTANT_CONVERSION = YES;
				CLANG_WARN_DEPRECATED_OBJC_IMPLEMENTATIONS = YES;
				CLANG_WARN_DIRECT_OBJC_ISA_USAGE = YES_ERROR;
				CLANG_WARN_DOCUMENTATION_COMMENTS = YES;
				CLANG_WARN_EMPTY_BODY = YES;
				CLANG_WARN_ENUM_CONVERSION = YES;
				CLANG_WARN_INFINITE_RECURSION = YES;
				CLANG_WARN_INT_CONVERSION = YES;
				CLANG_WARN_NON_LITERAL_NULL_CONVERSION = YES;
				CLANG_WARN_OBJC_IMPLICIT_RETAIN_SELF = YES;
				CLANG_WARN_OBJC_LITERAL_CONVERSION = YES;
				CLANG_WARN_OBJC_ROOT_CLASS = YES_ERROR;
				CLANG_WARN_RANGE_LOOP_ANALYSIS = YES;
				CLANG_WARN_STRICT_PROTOTYPES = YES;
				CLANG_WARN_SUSPICIOUS_MOVE = YES;
				CLANG_WARN_UNGUARDED_AVAILABILITY = YES_AGGRESSIVE;
				CLANG_WARN_UNREACHABLE_CODE = YES;
				CLANG_WARN__DUPLICATE_METHOD_MATCH = YES;
				COPY_PHASE_STRIP = NO;
				DEBUG_INFORMATION_FORMAT = "dwarf-with-dsym";
				ENABLE_NS_ASSERTIONS = NO;
				ENABLE_STRICT_OBJC_MSGSEND = YES;
				GCC_C_LANGUAGE_STANDARD = gnu11;
				GCC_NO_COMMON_BLOCKS = YES;
				GCC_WARN_64_TO_32_BIT_CONVERSION = YES;
				GCC_WARN_ABOUT_RETURN_TYPE = YES_ERROR;
				GCC_WARN_UNDECLARED_SELECTOR = YES;
				GCC_WARN_UNINITIALIZED_AUTOS = YES_AGGRESSIVE;
				GCC_WARN_UNUSED_FUNCTION = YES;
				GCC_WARN_UNUSED_VARIABLE = YES;
				IPHONEOS_DEPLOYMENT_TARGET = 13.5;
				MTL_ENABLE_DEBUG_INFO = NO;
				MTL_FAST_MATH = YES;
				SDKROOT = iphoneos;
				SWIFT_COMPILATION_MODE = wholemodule;
				SWIFT_OPTIMIZATION_LEVEL = "-O";
				VALIDATE_PRODUCT = YES;
			};
			name = Release;
		};
		85DFF53924BCE7F50093581C /* Debug */ = {
			isa = XCBuildConfiguration;
			buildSettings = {
				ASSETCATALOG_COMPILER_APPICON_NAME = AppIcon;
				CODE_SIGN_STYLE = Automatic;
				INFOPLIST_FILE = todolist/Info.plist;
				LD_RUNPATH_SEARCH_PATHS = (
					"$(inherited)",
					"@executable_path/Frameworks",
				);
				PRODUCT_BUNDLE_IDENTIFIER = gwentzel.todolist;
				PRODUCT_NAME = "$(TARGET_NAME)";
				SWIFT_VERSION = 5.0;
				TARGETED_DEVICE_FAMILY = "1,2";
			};
			name = Debug;
		};
		85DFF53A24BCE7F50093581C /* Release */ = {
			isa = XCBuildConfiguration;
			buildSettings = {
				ASSETCATALOG_COMPILER_APPICON_NAME = AppIcon;
				CODE_SIGN_STYLE = Automatic;
				INFOPLIST_FILE = todolist/Info.plist;
				LD_RUNPATH_SEARCH_PATHS = (
					"$(inherited)",
					"@executable_path/Frameworks",
				);
				PRODUCT_BUNDLE_IDENTIFIER = gwentzel.todolist;
				PRODUCT_NAME = "$(TARGET_NAME)";
				SWIFT_VERSION = 5.0;
				TARGETED_DEVICE_FAMILY = "1,2";
			};
			name = Release;
		};
/* End XCBuildConfiguration section */

/* Begin XCConfigurationList section */
		85DFF51C24BCE7F00093581C /* Build configuration list for PBXProject "todolist" */ = {
			isa = XCConfigurationList;
			buildConfigurations = (
				85DFF53624BCE7F50093581C /* Debug */,
				85DFF53724BCE7F50093581C /* Release */,
			);
			defaultConfigurationIsVisible = 0;
			defaultConfigurationName = Release;
		};
		85DFF53824BCE7F50093581C /* Build configuration list for PBXNativeTarget "todolist" */ = {
			isa = XCConfigurationList;
			buildConfigurations = (
				85DFF53924BCE7F50093581C /* Debug */,
				85DFF53A24BCE7F50093581C /* Release */,
			);
			defaultConfigurationIsVisible = 0;
			defaultConfigurationName = Release;
		};
/* End XCConfigurationList section */

/* Begin XCVersionGroup section */
		85DFF52D24BCE7F10093581C /* todolist.xcdatamodeld */ = {
			isa = XCVersionGroup;
			children = (
				85DFF52E24BCE7F10093581C /* todolist.xcdatamodel */,
			);
			currentVersion = 85DFF52E24BCE7F10093581C /* todolist.xcdatamodel */;
			path = todolist.xcdatamodeld;
			sourceTree = "<group>";
			versionGroupType = wrapper.xcdatamodel;
		};
/* End XCVersionGroup section */
	};
	rootObject = 85DFF51924BCE7F00093581C /* Project object */;
}
